
Microsoft Visual Studio Solution File, Format Version 11.00
# Visual Studio 2010
Project("{FAE04EC0-301F-11D3-BF4B-00C04F79EFBC}") = "SilverlightApplication3", "SilverlightApplication3\SilverlightApplication3.csproj", "{C3CC4179-121E-4548-BD45-E4779D4FD235}"
EndProject
Project("{FAE04EC0-301F-11D3-BF4B-00C04F79EFBC}") = "SilverlightApplication3.Web", "SilverlightApplication3.Web\SilverlightApplication3.Web.csproj", "{AE55B9EB-0F60-4DDC-B8D3-D2299B67E59A}"
EndProject
Global
	GlobalSection(SolutionConfigurationPlatforms) = preSolution
		Debug|Any CPU = Debug|Any CPU
		Release|Any CPU = Release|Any CPU
	EndGlobalSection
	GlobalSection(ProjectConfigurationPlatforms) = postSolution
		{C3CC4179-121E-4548-BD45-E4779D4FD235}.Debug|Any CPU.ActiveCfg = Debug|Any CPU
		{C3CC4179-121E-4548-BD45-E4779D4FD235}.Debug|Any CPU.Build.0 = Debug|Any CPU
		{C3CC4179-121E-4548-BD45-E4779D4FD235}.Release|Any CPU.ActiveCfg = Release|Any CPU
		{C3CC4179-121E-4548-BD45-E4779D4FD235}.Release|Any CPU.Build.0 = Release|Any CPU
		{AE55B9EB-0F60-4DDC-B8D3-D2299B67E59A}.Debug|Any CPU.ActiveCfg = Debug|Any CPU
		{AE55B9EB-0F60-4DDC-B8D3-D2299B67E59A}.Debug|Any CPU.Build.0 = Debug|Any CPU
		{AE55B9EB-0F60-4DDC-B8D3-D2299B67E59A}.Release|Any CPU.ActiveCfg = Release|Any CPU
		{AE55B9EB-0F60-4DDC-B8D3-D2299B67E59A}.Release|Any CPU.Build.0 = Release|Any CPU
	EndGlobalSection
	GlobalSection(SolutionProperties) = preSolution
		HideSolutionNode = FALSE
	EndGlobalSection
EndGlobal
